PODS:
  - CatchingFire (0.2.0)
  - CryptoSwift (0.1.1)
  - Decodable (0.3.3)
  - Interstellar (1.3.0):
    - Interstellar/Core (= 1.3.0)
    - Interstellar/Warpdrive (= 1.3.0)
  - Interstellar/Core (1.3.0)
  - Interstellar/Warpdrive (1.3.0):
    - Interstellar/Core
  - Nimble (3.0.0)
  - Quick (0.8.0)
  - "\U0001F555 (0.0.1)"

DEPENDENCIES:
  - CatchingFire
  - CryptoSwift
  - Decodable (~> 0.3.2)
  - Interstellar (~> 1.3.0)
  - Nimble
  - Quick
  - "\U0001F555"

SPEC CHECKSUMS:
  CatchingFire: 935ecc35fc5864f12ef1c033a97e9a9affbf6056
  CryptoSwift: c11640d3d66107efc8333e4131a5173f072b1d61
  Decodable: 5997b5e329e651f828dfcd458216b4c8286867cf
  Interstellar: 3d47f37eff7e81fbaa9a74bd903f362eb165b159
  Nimble: 4c353d43735b38b545cbb4cb91504588eb5de926
  Quick: 563d0f6ec5f72e394645adb377708639b7dd38ab
  "\U0001F555": 2a41c1f9b76698cb697b8ec9a1db1087f5621187

COCOAPODS: 0.39.0
