// !$*UTF8*$!
{
	archiveVersion = 1;
	classes = {
	};
	objectVersion = 46;
	objects = {

/* Begin PBXBuildFile section */
		A10FF9D21BBB2E5F001AA4E9 /* DecodingTests.swift in Sources */ = {isa = PBXBuildFile; fileRef = A1B2E3661BBAD06000814D63 /* DecodingTests.swift */; };
		A10FF9D31BBB32FD001AA4E9 /* Asset.swift in Sources */ = {isa = PBXBuildFile; fileRef = A15193AD1BB9236300FB83CD /* Asset.swift */; };
		A10FF9D51BBB3676001AA4E9 /* Error.swift in Sources */ = {isa = PBXBuildFile; fileRef = A10FF9D41BBB3676001AA4E9 /* Error.swift */; };
		A10FF9D81BBB3860001AA4E9 /* Data in Resources */ = {isa = PBXBuildFile; fileRef = A10FF9D61BBB3753001AA4E9 /* Data */; };
		A10FF9D91BBB3BE1001AA4E9 /* Array.swift in Sources */ = {isa = PBXBuildFile; fileRef = A19CA3E31B83888200A0EFCD /* Array.swift */; };
		A10FF9DA1BBB4680001AA4E9 /* ContentType.swift in Sources */ = {isa = PBXBuildFile; fileRef = A15193AB1BB91FED00FB83CD /* ContentType.swift */; };
		A10FF9DC1BBB4692001AA4E9 /* Field.swift in Sources */ = {isa = PBXBuildFile; fileRef = A10FF9DB1BBB4692001AA4E9 /* Field.swift */; };
		A10FF9DD1BBB47D2001AA4E9 /* Entry.swift in Sources */ = {isa = PBXBuildFile; fileRef = A19CA3E51B8388ED00A0EFCD /* Entry.swift */; };
		A10FF9DE1BBB4829001AA4E9 /* Space.swift in Sources */ = {isa = PBXBuildFile; fileRef = A15193A91BB91DE700FB83CD /* Space.swift */; };
		A114BBC01C4FD3C300DE6679 /* SyncSpace.swift in Sources */ = {isa = PBXBuildFile; fileRef = A114BBBF1C4FD3C300DE6679 /* SyncSpace.swift */; };
		A114BBC31C50EA3200DE6679 /* SyncTests.swift in Sources */ = {isa = PBXBuildFile; fileRef = A114BBC11C50E9E200DE6679 /* SyncTests.swift */; };
		A114BBC51C5107EC00DE6679 /* DeletedResource.swift in Sources */ = {isa = PBXBuildFile; fileRef = A114BBC41C5107EC00DE6679 /* DeletedResource.swift */; };
		A119937D1C5252BF00749579 /* DecodableData.swift in Sources */ = {isa = PBXBuildFile; fileRef = A119937C1C5252BF00749579 /* DecodableData.swift */; };
		A17D044D1C4F974F002E568B /* UtilityTests.swift in Sources */ = {isa = PBXBuildFile; fileRef = A17D044C1C4F974F002E568B /* UtilityTests.swift */; };
		A19C743F1C47A7F5005334AD /* ContentTypeTests.swift in Sources */ = {isa = PBXBuildFile; fileRef = A19C743E1C47A7F5005334AD /* ContentTypeTests.swift */; };
		A19C74411C47A804005334AD /* EntryTests.swift in Sources */ = {isa = PBXBuildFile; fileRef = A19C74401C47A804005334AD /* EntryTests.swift */; };
		A19C74431C47A812005334AD /* AssetTests.swift in Sources */ = {isa = PBXBuildFile; fileRef = A19C74421C47A812005334AD /* AssetTests.swift */; };
		A19CA3CF1B836EDD00A0EFCD /* Contentful.framework in Frameworks */ = {isa = PBXBuildFile; fileRef = A19CA3C41B836EDD00A0EFCD /* Contentful.framework */; };
		A19CA3D41B836EDD00A0EFCD /* ContentfulTests.swift in Sources */ = {isa = PBXBuildFile; fileRef = A19CA3D31B836EDD00A0EFCD /* ContentfulTests.swift */; };
		A19CA3E01B836F2500A0EFCD /* Client.swift in Sources */ = {isa = PBXBuildFile; fileRef = A19CA3DF1B836F2500A0EFCD /* Client.swift */; };
		A19CA3E21B8386CC00A0EFCD /* Configuration.swift in Sources */ = {isa = PBXBuildFile; fileRef = A19CA3E11B8386CC00A0EFCD /* Configuration.swift */; };
		A19CA3E81B83890D00A0EFCD /* Resource.swift in Sources */ = {isa = PBXBuildFile; fileRef = A19CA3E71B83890D00A0EFCD /* Resource.swift */; };
		A1B2E3651BBACF2C00814D63 /* Decoding.swift in Sources */ = {isa = PBXBuildFile; fileRef = A1B2E3641BBACF2C00814D63 /* Decoding.swift */; };
		A1BF6BBC1C0D0FBD00049712 /* SignalUtils.swift in Sources */ = {isa = PBXBuildFile; fileRef = A1BF6BBB1C0D0FBD00049712 /* SignalUtils.swift */; };
		ADF147A35CBB50055A8984EF /* Pods_ContentfulTests.framework in Frameworks */ = {isa = PBXBuildFile; fileRef = 2E29D469F63F4DD6C7DC8236 /* Pods_ContentfulTests.framework */; };
		B1D1D8567FCED6148E277490 /* Pods_Contentful.framework in Frameworks */ = {isa = PBXBuildFile; fileRef = EEF2BA42FCAA69D0CD2E1CE8 /* Pods_Contentful.framework */; };
/* End PBXBuildFile section */

/* Begin PBXContainerItemProxy section */
		A19CA3D01B836EDD00A0EFCD /* PBXContainerItemProxy */ = {
			isa = PBXContainerItemProxy;
			containerPortal = A19CA3BB1B836EDD00A0EFCD /* Project object */;
			proxyType = 1;
			remoteGlobalIDString = A19CA3C31B836EDD00A0EFCD;
			remoteInfo = Contentful;
		};
/* End PBXContainerItemProxy section */

/* Begin PBXFileReference section */
		2E29D469F63F4DD6C7DC8236 /* Pods_ContentfulTests.framework */ = {isa = PBXFileReference; explicitFileType = wrapper.framework; includeInIndex = 0; path = Pods_ContentfulTests.framework; sourceTree = BUILT_PRODUCTS_DIR; };
		44A4D4F0816F0D7139205D39 /* Pods-Contentful.release.xcconfig */ = {isa = PBXFileReference; includeInIndex = 1; lastKnownFileType = text.xcconfig; name = "Pods-Contentful.release.xcconfig"; path = "Pods/Target Support Files/Pods-Contentful/Pods-Contentful.release.xcconfig"; sourceTree = "<group>"; };
		7708E347DB83AC33DCB47C79 /* Pods-ContentfulTests.debug.xcconfig */ = {isa = PBXFileReference; includeInIndex = 1; lastKnownFileType = text.xcconfig; name = "Pods-ContentfulTests.debug.xcconfig"; path = "Pods/Target Support Files/Pods-ContentfulTests/Pods-ContentfulTests.debug.xcconfig"; sourceTree = "<group>"; };
		A10FF9D41BBB3676001AA4E9 /* Error.swift */ = {isa = PBXFileReference; fileEncoding = 4; lastKnownFileType = sourcecode.swift; path = Error.swift; sourceTree = "<group>"; };
		A10FF9D61BBB3753001AA4E9 /* Data */ = {isa = PBXFileReference; lastKnownFileType = folder; path = Data; sourceTree = "<group>"; };
		A10FF9DB1BBB4692001AA4E9 /* Field.swift */ = {isa = PBXFileReference; fileEncoding = 4; lastKnownFileType = sourcecode.swift; path = Field.swift; sourceTree = "<group>"; };
		A114BBBF1C4FD3C300DE6679 /* SyncSpace.swift */ = {isa = PBXFileReference; fileEncoding = 4; lastKnownFileType = sourcecode.swift; path = SyncSpace.swift; sourceTree = "<group>"; };
		A114BBC11C50E9E200DE6679 /* SyncTests.swift */ = {isa = PBXFileReference; fileEncoding = 4; lastKnownFileType = sourcecode.swift; path = SyncTests.swift; sourceTree = "<group>"; };
		A114BBC41C5107EC00DE6679 /* DeletedResource.swift */ = {isa = PBXFileReference; fileEncoding = 4; lastKnownFileType = sourcecode.swift; path = DeletedResource.swift; sourceTree = "<group>"; };
		A119937C1C5252BF00749579 /* DecodableData.swift */ = {isa = PBXFileReference; fileEncoding = 4; lastKnownFileType = sourcecode.swift; path = DecodableData.swift; sourceTree = "<group>"; };
		A15193A91BB91DE700FB83CD /* Space.swift */ = {isa = PBXFileReference; fileEncoding = 4; lastKnownFileType = sourcecode.swift; path = Space.swift; sourceTree = "<group>"; };
		A15193AB1BB91FED00FB83CD /* ContentType.swift */ = {isa = PBXFileReference; fileEncoding = 4; lastKnownFileType = sourcecode.swift; path = ContentType.swift; sourceTree = "<group>"; };
		A15193AD1BB9236300FB83CD /* Asset.swift */ = {isa = PBXFileReference; fileEncoding = 4; lastKnownFileType = sourcecode.swift; path = Asset.swift; sourceTree = "<group>"; };
		A17D044C1C4F974F002E568B /* UtilityTests.swift */ = {isa = PBXFileReference; fileEncoding = 4; lastKnownFileType = sourcecode.swift; path = UtilityTests.swift; sourceTree = "<group>"; };
		A19C743E1C47A7F5005334AD /* ContentTypeTests.swift */ = {isa = PBXFileReference; fileEncoding = 4; lastKnownFileType = sourcecode.swift; path = ContentTypeTests.swift; sourceTree = "<group>"; };
		A19C74401C47A804005334AD /* EntryTests.swift */ = {isa = PBXFileReference; fileEncoding = 4; lastKnownFileType = sourcecode.swift; path = EntryTests.swift; sourceTree = "<group>"; };
		A19C74421C47A812005334AD /* AssetTests.swift */ = {isa = PBXFileReference; fileEncoding = 4; lastKnownFileType = sourcecode.swift; path = AssetTests.swift; sourceTree = "<group>"; };
		A19CA3C41B836EDD00A0EFCD /* Contentful.framework */ = {isa = PBXFileReference; explicitFileType = wrapper.framework; includeInIndex = 0; path = Contentful.framework; sourceTree = BUILT_PRODUCTS_DIR; };
		A19CA3C91B836EDD00A0EFCD /* Info.plist */ = {isa = PBXFileReference; lastKnownFileType = text.plist.xml; path = Info.plist; sourceTree = "<group>"; };
		A19CA3CE1B836EDD00A0EFCD /* ContentfulTests.xctest */ = {isa = PBXFileReference; explicitFileType = wrapper.cfbundle; includeInIndex = 0; path = ContentfulTests.xctest; sourceTree = BUILT_PRODUCTS_DIR; };
		A19CA3D31B836EDD00A0EFCD /* ContentfulTests.swift */ = {isa = PBXFileReference; lastKnownFileType = sourcecode.swift; path = ContentfulTests.swift; sourceTree = "<group>"; };
		A19CA3D51B836EDD00A0EFCD /* Info.plist */ = {isa = PBXFileReference; lastKnownFileType = text.plist.xml; path = Info.plist; sourceTree = "<group>"; };
		A19CA3DF1B836F2500A0EFCD /* Client.swift */ = {isa = PBXFileReference; fileEncoding = 4; lastKnownFileType = sourcecode.swift; path = Client.swift; sourceTree = "<group>"; };
		A19CA3E11B8386CC00A0EFCD /* Configuration.swift */ = {isa = PBXFileReference; fileEncoding = 4; lastKnownFileType = sourcecode.swift; path = Configuration.swift; sourceTree = "<group>"; };
		A19CA3E31B83888200A0EFCD /* Array.swift */ = {isa = PBXFileReference; fileEncoding = 4; lastKnownFileType = sourcecode.swift; path = Array.swift; sourceTree = "<group>"; };
		A19CA3E51B8388ED00A0EFCD /* Entry.swift */ = {isa = PBXFileReference; fileEncoding = 4; lastKnownFileType = sourcecode.swift; path = Entry.swift; sourceTree = "<group>"; };
		A19CA3E71B83890D00A0EFCD /* Resource.swift */ = {isa = PBXFileReference; fileEncoding = 4; lastKnownFileType = sourcecode.swift; path = Resource.swift; sourceTree = "<group>"; };
		A1B2E3641BBACF2C00814D63 /* Decoding.swift */ = {isa = PBXFileReference; fileEncoding = 4; lastKnownFileType = sourcecode.swift; path = Decoding.swift; sourceTree = "<group>"; };
		A1B2E3661BBAD06000814D63 /* DecodingTests.swift */ = {isa = PBXFileReference; fileEncoding = 4; lastKnownFileType = sourcecode.swift; path = DecodingTests.swift; sourceTree = "<group>"; };
		A1BF6BBB1C0D0FBD00049712 /* SignalUtils.swift */ = {isa = PBXFileReference; fileEncoding = 4; lastKnownFileType = sourcecode.swift; path = SignalUtils.swift; sourceTree = "<group>"; };
		BC8B049406D18C9F3E0A6B3B /* Pods-Contentful.debug.xcconfig */ = {isa = PBXFileReference; includeInIndex = 1; lastKnownFileType = text.xcconfig; name = "Pods-Contentful.debug.xcconfig"; path = "Pods/Target Support Files/Pods-Contentful/Pods-Contentful.debug.xcconfig"; sourceTree = "<group>"; };
		BCB0C6E7CD91CABD7210E223 /* Pods-ContentfulTests.release.xcconfig */ = {isa = PBXFileReference; includeInIndex = 1; lastKnownFileType = text.xcconfig; name = "Pods-ContentfulTests.release.xcconfig"; path = "Pods/Target Support Files/Pods-ContentfulTests/Pods-ContentfulTests.release.xcconfig"; sourceTree = "<group>"; };
		EEF2BA42FCAA69D0CD2E1CE8 /* Pods_Contentful.framework */ = {isa = PBXFileReference; explicitFileType = wrapper.framework; includeInIndex = 0; path = Pods_Contentful.framework; sourceTree = BUILT_PRODUCTS_DIR; };
/* End PBXFileReference section */

/* Begin PBXFrameworksBuildPhase section */
		A19CA3C01B836EDD00A0EFCD /* Frameworks */ = {
			isa = PBXFrameworksBuildPhase;
			buildActionMask = 2147483647;
			files = (
				B1D1D8567FCED6148E277490 /* Pods_Contentful.framework in Frameworks */,
			);
			runOnlyForDeploymentPostprocessing = 0;
		};
		A19CA3CB1B836EDD00A0EFCD /* Frameworks */ = {
			isa = PBXFrameworksBuildPhase;
			buildActionMask = 2147483647;
			files = (
				A19CA3CF1B836EDD00A0EFCD /* Contentful.framework in Frameworks */,
				ADF147A35CBB50055A8984EF /* Pods_ContentfulTests.framework in Frameworks */,
			);
			runOnlyForDeploymentPostprocessing = 0;
		};
/* End PBXFrameworksBuildPhase section */

/* Begin PBXGroup section */
		3343179417BF6FB8FE568B78 /* Pods */ = {
			isa = PBXGroup;
			children = (
				BC8B049406D18C9F3E0A6B3B /* Pods-Contentful.debug.xcconfig */,
				44A4D4F0816F0D7139205D39 /* Pods-Contentful.release.xcconfig */,
				7708E347DB83AC33DCB47C79 /* Pods-ContentfulTests.debug.xcconfig */,
				BCB0C6E7CD91CABD7210E223 /* Pods-ContentfulTests.release.xcconfig */,
			);
			name = Pods;
			sourceTree = "<group>";
		};
		8286AF4EF1DF4886935522C3 /* Frameworks */ = {
			isa = PBXGroup;
			children = (
				EEF2BA42FCAA69D0CD2E1CE8 /* Pods_Contentful.framework */,
				2E29D469F63F4DD6C7DC8236 /* Pods_ContentfulTests.framework */,
			);
			name = Frameworks;
			sourceTree = "<group>";
		};
		A19CA3BA1B836EDD00A0EFCD = {
			isa = PBXGroup;
			children = (
				A19CA3C61B836EDD00A0EFCD /* Code */,
				A19CA3C51B836EDD00A0EFCD /* Products */,
				A19CA3DE1B836EF800A0EFCD /* Supporting Files */,
				A19CA3D21B836EDD00A0EFCD /* Tests */,
				3343179417BF6FB8FE568B78 /* Pods */,
				8286AF4EF1DF4886935522C3 /* Frameworks */,
			);
			sourceTree = "<group>";
		};
		A19CA3C51B836EDD00A0EFCD /* Products */ = {
			isa = PBXGroup;
			children = (
				A19CA3C41B836EDD00A0EFCD /* Contentful.framework */,
				A19CA3CE1B836EDD00A0EFCD /* ContentfulTests.xctest */,
			);
			name = Products;
			sourceTree = "<group>";
		};
		A19CA3C61B836EDD00A0EFCD /* Code */ = {
			isa = PBXGroup;
			children = (
				A19CA3E31B83888200A0EFCD /* Array.swift */,
				A15193AD1BB9236300FB83CD /* Asset.swift */,
				A19CA3DF1B836F2500A0EFCD /* Client.swift */,
				A19CA3E11B8386CC00A0EFCD /* Configuration.swift */,
				A15193AB1BB91FED00FB83CD /* ContentType.swift */,
				A119937C1C5252BF00749579 /* DecodableData.swift */,
				A1B2E3641BBACF2C00814D63 /* Decoding.swift */,
				A114BBC41C5107EC00DE6679 /* DeletedResource.swift */,
				A19CA3E51B8388ED00A0EFCD /* Entry.swift */,
				A10FF9D41BBB3676001AA4E9 /* Error.swift */,
				A10FF9DB1BBB4692001AA4E9 /* Field.swift */,
				A19CA3E71B83890D00A0EFCD /* Resource.swift */,
				A1BF6BBB1C0D0FBD00049712 /* SignalUtils.swift */,
				A15193A91BB91DE700FB83CD /* Space.swift */,
				A114BBBF1C4FD3C300DE6679 /* SyncSpace.swift */,
			);
			name = Code;
			path = Sources;
			sourceTree = "<group>";
		};
		A19CA3D21B836EDD00A0EFCD /* Tests */ = {
			isa = PBXGroup;
			children = (
				A10FF9D61BBB3753001AA4E9 /* Data */,
				A19C74421C47A812005334AD /* AssetTests.swift */,
				A19CA3D31B836EDD00A0EFCD /* ContentfulTests.swift */,
				A19C743E1C47A7F5005334AD /* ContentTypeTests.swift */,
				A1B2E3661BBAD06000814D63 /* DecodingTests.swift */,
				A19C74401C47A804005334AD /* EntryTests.swift */,
				A114BBC11C50E9E200DE6679 /* SyncTests.swift */,
				A17D044C1C4F974F002E568B /* UtilityTests.swift */,
				A19CA3D51B836EDD00A0EFCD /* Info.plist */,
			);
			path = Tests;
			sourceTree = "<group>";
		};
		A19CA3DE1B836EF800A0EFCD /* Supporting Files */ = {
			isa = PBXGroup;
			children = (
				A19CA3C91B836EDD00A0EFCD /* Info.plist */,
			);
			path = "Supporting Files";
			sourceTree = "<group>";
		};
/* End PBXGroup section */

/* Begin PBXHeadersBuildPhase section */
		A19CA3C11B836EDD00A0EFCD /* Headers */ = {
			isa = PBXHeadersBuildPhase;
			buildActionMask = 2147483647;
			files = (
			);
			runOnlyForDeploymentPostprocessing = 0;
		};
/* End PBXHeadersBuildPhase section */

/* Begin PBXNativeTarget section */
		A19CA3C31B836EDD00A0EFCD /* Contentful */ = {
			isa = PBXNativeTarget;
			buildConfigurationList = A19CA3D81B836EDD00A0EFCD /* Build configuration list for PBXNativeTarget "Contentful" */;
			buildPhases = (
				059057CB13C4839FED8DC5E1 /* [CP] Check Pods Manifest.lock */,
				A19CA3BF1B836EDD00A0EFCD /* Sources */,
				A19CA3C01B836EDD00A0EFCD /* Frameworks */,
				A19CA3C11B836EDD00A0EFCD /* Headers */,
				A19CA3C21B836EDD00A0EFCD /* Resources */,
				3770415E55468E2273D639E9 /* [CP] Copy Pods Resources */,
			);
			buildRules = (
			);
			dependencies = (
			);
			name = Contentful;
			productName = Contentful;
			productReference = A19CA3C41B836EDD00A0EFCD /* Contentful.framework */;
			productType = "com.apple.product-type.framework";
		};
		A19CA3CD1B836EDD00A0EFCD /* ContentfulTests */ = {
			isa = PBXNativeTarget;
			buildConfigurationList = A19CA3DB1B836EDD00A0EFCD /* Build configuration list for PBXNativeTarget "ContentfulTests" */;
			buildPhases = (
				E6748DA5E13DF3AAB70D0231 /* [CP] Check Pods Manifest.lock */,
				A19CA3CA1B836EDD00A0EFCD /* Sources */,
				A19CA3CB1B836EDD00A0EFCD /* Frameworks */,
				A19CA3CC1B836EDD00A0EFCD /* Resources */,
				6A5BA573DD9E9BD0A901137D /* [CP] Embed Pods Frameworks */,
				029B2CC760C1265EB65B40C1 /* [CP] Copy Pods Resources */,
			);
			buildRules = (
			);
			dependencies = (
				A19CA3D11B836EDD00A0EFCD /* PBXTargetDependency */,
			);
			name = ContentfulTests;
			productName = ContentfulTests;
			productReference = A19CA3CE1B836EDD00A0EFCD /* ContentfulTests.xctest */;
			productType = "com.apple.product-type.bundle.unit-test";
		};
/* End PBXNativeTarget section */

/* Begin PBXProject section */
		A19CA3BB1B836EDD00A0EFCD /* Project object */ = {
			isa = PBXProject;
			attributes = {
				LastSwiftUpdateCheck = 0700;
				LastUpgradeCheck = 0800;
				ORGANIZATIONNAME = "Contentful GmbH";
				TargetAttributes = {
					A19CA3C31B836EDD00A0EFCD = {
						CreatedOnToolsVersion = 7.0;
					};
					A19CA3CD1B836EDD00A0EFCD = {
						CreatedOnToolsVersion = 7.0;
					};
				};
			};
			buildConfigurationList = A19CA3BE1B836EDD00A0EFCD /* Build configuration list for PBXProject "Contentful" */;
			compatibilityVersion = "Xcode 3.2";
			developmentRegion = English;
			hasScannedForEncodings = 0;
			knownRegions = (
				en,
			);
			mainGroup = A19CA3BA1B836EDD00A0EFCD;
			productRefGroup = A19CA3C51B836EDD00A0EFCD /* Products */;
			projectDirPath = "";
			projectRoot = "";
			targets = (
				A19CA3C31B836EDD00A0EFCD /* Contentful */,
				A19CA3CD1B836EDD00A0EFCD /* ContentfulTests */,
			);
		};
/* End PBXProject section */

/* Begin PBXResourcesBuildPhase section */
		A19CA3C21B836EDD00A0EFCD /* Resources */ = {
			isa = PBXResourcesBuildPhase;
			buildActionMask = 2147483647;
			files = (
			);
			runOnlyForDeploymentPostprocessing = 0;
		};
		A19CA3CC1B836EDD00A0EFCD /* Resources */ = {
			isa = PBXResourcesBuildPhase;
			buildActionMask = 2147483647;
			files = (
				A10FF9D81BBB3860001AA4E9 /* Data in Resources */,
			);
			runOnlyForDeploymentPostprocessing = 0;
		};
/* End PBXResourcesBuildPhase section */

/* Begin PBXShellScriptBuildPhase section */
		029B2CC760C1265EB65B40C1 /* [CP] Copy Pods Resources */ = {
			isa = PBXShellScriptBuildPhase;
			buildActionMask = 2147483647;
			files = (
			);
			inputPaths = (
			);
			name = "[CP] Copy Pods Resources";
			outputPaths = (
			);
			runOnlyForDeploymentPostprocessing = 0;
			shellPath = /bin/sh;
			shellScript = "\"${SRCROOT}/Pods/Target Support Files/Pods-ContentfulTests/Pods-ContentfulTests-resources.sh\"\n";
			showEnvVarsInLog = 0;
		};
		059057CB13C4839FED8DC5E1 /* [CP] Check Pods Manifest.lock */ = {
			isa = PBXShellScriptBuildPhase;
			buildActionMask = 2147483647;
			files = (
			);
			inputPaths = (
			);
			name = "[CP] Check Pods Manifest.lock";
			outputPaths = (
			);
			runOnlyForDeploymentPostprocessing = 0;
			shellPath = /bin/sh;
			shellScript = "diff \"${PODS_ROOT}/../Podfile.lock\" \"${PODS_ROOT}/Manifest.lock\" > /dev/null\nif [ $? != 0 ] ; then\n    # print error to STDERR\n    echo \"error: The sandbox is not in sync with the Podfile.lock. Run 'pod install' or update your CocoaPods installation.\" >&2\n    exit 1\nfi\n";
			showEnvVarsInLog = 0;
		};
		3770415E55468E2273D639E9 /* [CP] Copy Pods Resources */ = {
			isa = PBXShellScriptBuildPhase;
			buildActionMask = 2147483647;
			files = (
			);
			inputPaths = (
			);
			name = "[CP] Copy Pods Resources";
			outputPaths = (
			);
			runOnlyForDeploymentPostprocessing = 0;
			shellPath = /bin/sh;
			shellScript = "\"${SRCROOT}/Pods/Target Support Files/Pods-Contentful/Pods-Contentful-resources.sh\"\n";
			showEnvVarsInLog = 0;
		};
		6A5BA573DD9E9BD0A901137D /* [CP] Embed Pods Frameworks */ = {
			isa = PBXShellScriptBuildPhase;
			buildActionMask = 2147483647;
			files = (
			);
			inputPaths = (
			);
			name = "[CP] Embed Pods Frameworks";
			outputPaths = (
			);
			runOnlyForDeploymentPostprocessing = 0;
			shellPath = /bin/sh;
			shellScript = "\"${SRCROOT}/Pods/Target Support Files/Pods-ContentfulTests/Pods-ContentfulTests-frameworks.sh\"\n";
			showEnvVarsInLog = 0;
		};
		E6748DA5E13DF3AAB70D0231 /* [CP] Check Pods Manifest.lock */ = {
			isa = PBXShellScriptBuildPhase;
			buildActionMask = 2147483647;
			files = (
			);
			inputPaths = (
			);
			name = "[CP] Check Pods Manifest.lock";
			outputPaths = (
			);
			runOnlyForDeploymentPostprocessing = 0;
			shellPath = /bin/sh;
			shellScript = "diff \"${PODS_ROOT}/../Podfile.lock\" \"${PODS_ROOT}/Manifest.lock\" > /dev/null\nif [ $? != 0 ] ; then\n    # print error to STDERR\n    echo \"error: The sandbox is not in sync with the Podfile.lock. Run 'pod install' or update your CocoaPods installation.\" >&2\n    exit 1\nfi\n";
			showEnvVarsInLog = 0;
		};
/* End PBXShellScriptBuildPhase section */

/* Begin PBXSourcesBuildPhase section */
		A19CA3BF1B836EDD00A0EFCD /* Sources */ = {
			isa = PBXSourcesBuildPhase;
			buildActionMask = 2147483647;
			files = (
				A119937D1C5252BF00749579 /* DecodableData.swift in Sources */,
				A10FF9DD1BBB47D2001AA4E9 /* Entry.swift in Sources */,
				A10FF9DE1BBB4829001AA4E9 /* Space.swift in Sources */,
				A19CA3E21B8386CC00A0EFCD /* Configuration.swift in Sources */,
				A10FF9DA1BBB4680001AA4E9 /* ContentType.swift in Sources */,
				A10FF9D91BBB3BE1001AA4E9 /* Array.swift in Sources */,
				A19CA3E01B836F2500A0EFCD /* Client.swift in Sources */,
				A10FF9D31BBB32FD001AA4E9 /* Asset.swift in Sources */,
				A1BF6BBC1C0D0FBD00049712 /* SignalUtils.swift in Sources */,
				A114BBC01C4FD3C300DE6679 /* SyncSpace.swift in Sources */,
				A114BBC51C5107EC00DE6679 /* DeletedResource.swift in Sources */,
				A10FF9DC1BBB4692001AA4E9 /* Field.swift in Sources */,
				A19CA3E81B83890D00A0EFCD /* Resource.swift in Sources */,
				A1B2E3651BBACF2C00814D63 /* Decoding.swift in Sources */,
				A10FF9D51BBB3676001AA4E9 /* Error.swift in Sources */,
			);
			runOnlyForDeploymentPostprocessing = 0;
		};
		A19CA3CA1B836EDD00A0EFCD /* Sources */ = {
			isa = PBXSourcesBuildPhase;
			buildActionMask = 2147483647;
			files = (
				A17D044D1C4F974F002E568B /* UtilityTests.swift in Sources */,
				A19C74411C47A804005334AD /* EntryTests.swift in Sources */,
				A114BBC31C50EA3200DE6679 /* SyncTests.swift in Sources */,
				A19C743F1C47A7F5005334AD /* ContentTypeTests.swift in Sources */,
				A10FF9D21BBB2E5F001AA4E9 /* DecodingTests.swift in Sources */,
				A19C74431C47A812005334AD /* AssetTests.swift in Sources */,
				A19CA3D41B836EDD00A0EFCD /* ContentfulTests.swift in Sources */,
			);
			runOnlyForDeploymentPostprocessing = 0;
		};
/* End PBXSourcesBuildPhase section */

/* Begin PBXTargetDependency section */
		A19CA3D11B836EDD00A0EFCD /* PBXTargetDependency */ = {
			isa = PBXTargetDependency;
			target = A19CA3C31B836EDD00A0EFCD /* Contentful */;
			targetProxy = A19CA3D01B836EDD00A0EFCD /* PBXContainerItemProxy */;
		};
/* End PBXTargetDependency section */

/* Begin XCBuildConfiguration section */
		A19CA3D61B836EDD00A0EFCD /* Debug */ = {
			isa = XCBuildConfiguration;
			buildSettings = {
				ALWAYS_SEARCH_USER_PATHS = NO;
				CLANG_CXX_LANGUAGE_STANDARD = "gnu++0x";
				CLANG_CXX_LIBRARY = "libc++";
				CLANG_ENABLE_MODULES = YES;
				CLANG_ENABLE_OBJC_ARC = YES;
				CLANG_WARN_BOOL_CONVERSION = YES;
				CLANG_WARN_CONSTANT_CONVERSION = YES;
				CLANG_WARN_DIRECT_OBJC_ISA_USAGE = YES_ERROR;
				CLANG_WARN_EMPTY_BODY = YES;
				CLANG_WARN_ENUM_CONVERSION = YES;
				CLANG_WARN_INT_CONVERSION = YES;
				CLANG_WARN_OBJC_ROOT_CLASS = YES_ERROR;
				CLANG_WARN_UNREACHABLE_CODE = YES;
				CLANG_WARN__DUPLICATE_METHOD_MATCH = YES;
				"CODE_SIGN_IDENTITY[sdk=iphoneos*]" = "iPhone Developer";
				COPY_PHASE_STRIP = NO;
				CURRENT_PROJECT_VERSION = 1;
				DEBUG_INFORMATION_FORMAT = dwarf;
				ENABLE_STRICT_OBJC_MSGSEND = YES;
				ENABLE_TESTABILITY = YES;
				GCC_C_LANGUAGE_STANDARD = gnu99;
				GCC_DYNAMIC_NO_PIC = NO;
				GCC_NO_COMMON_BLOCKS = YES;
				GCC_OPTIMIZATION_LEVEL = 0;
				GCC_PREPROCESSOR_DEFINITIONS = (
					"DEBUG=1",
					"$(inherited)",
				);
				GCC_WARN_64_TO_32_BIT_CONVERSION = YES;
				GCC_WARN_ABOUT_RETURN_TYPE = YES_ERROR;
				GCC_WARN_UNDECLARED_SELECTOR = YES;
				GCC_WARN_UNINITIALIZED_AUTOS = YES_AGGRESSIVE;
				GCC_WARN_UNUSED_FUNCTION = YES;
				GCC_WARN_UNUSED_VARIABLE = YES;
				IPHONEOS_DEPLOYMENT_TARGET = 8.0;
				MTL_ENABLE_DEBUG_INFO = YES;
				ONLY_ACTIVE_ARCH = YES;
				SDKROOT = iphoneos;
				SWIFT_OPTIMIZATION_LEVEL = "-Onone";
				TARGETED_DEVICE_FAMILY = "1,2";
				VERSIONING_SYSTEM = "apple-generic";
				VERSION_INFO_PREFIX = "";
			};
			name = Debug;
		};
		A19CA3D71B836EDD00A0EFCD /* Release */ = {
			isa = XCBuildConfiguration;
			buildSettings = {
				ALWAYS_SEARCH_USER_PATHS = NO;
				CLANG_CXX_LANGUAGE_STANDARD = "gnu++0x";
				CLANG_CXX_LIBRARY = "libc++";
				CLANG_ENABLE_MODULES = YES;
				CLANG_ENABLE_OBJC_ARC = YES;
				CLANG_WARN_BOOL_CONVERSION = YES;
				CLANG_WARN_CONSTANT_CONVERSION = YES;
				CLANG_WARN_DIRECT_OBJC_ISA_USAGE = YES_ERROR;
				CLANG_WARN_EMPTY_BODY = YES;
				CLANG_WARN_ENUM_CONVERSION = YES;
				CLANG_WARN_INT_CONVERSION = YES;
				CLANG_WARN_OBJC_ROOT_CLASS = YES_ERROR;
				CLANG_WARN_UNREACHABLE_CODE = YES;
				CLANG_WARN__DUPLICATE_METHOD_MATCH = YES;
				"CODE_SIGN_IDENTITY[sdk=iphoneos*]" = "iPhone Developer";
				COPY_PHASE_STRIP = NO;
				CURRENT_PROJECT_VERSION = 1;
				DEBUG_INFORMATION_FORMAT = "dwarf-with-dsym";
				ENABLE_NS_ASSERTIONS = NO;
				ENABLE_STRICT_OBJC_MSGSEND = YES;
				GCC_C_LANGUAGE_STANDARD = gnu99;
				GCC_NO_COMMON_BLOCKS = YES;
				GCC_WARN_64_TO_32_BIT_CONVERSION = YES;
				GCC_WARN_ABOUT_RETURN_TYPE = YES_ERROR;
				GCC_WARN_UNDECLARED_SELECTOR = YES;
				GCC_WARN_UNINITIALIZED_AUTOS = YES_AGGRESSIVE;
				GCC_WARN_UNUSED_FUNCTION = YES;
				GCC_WARN_UNUSED_VARIABLE = YES;
				IPHONEOS_DEPLOYMENT_TARGET = 8.0;
				MTL_ENABLE_DEBUG_INFO = NO;
				SDKROOT = iphoneos;
				TARGETED_DEVICE_FAMILY = "1,2";
				VALIDATE_PRODUCT = YES;
				VERSIONING_SYSTEM = "apple-generic";
				VERSION_INFO_PREFIX = "";
			};
			name = Release;
		};
		A19CA3D91B836EDD00A0EFCD /* Debug */ = {
			isa = XCBuildConfiguration;
			baseConfigurationReference = BC8B049406D18C9F3E0A6B3B /* Pods-Contentful.debug.xcconfig */;
			buildSettings = {
				ALWAYS_EMBED_SWIFT_STANDARD_LIBRARIES = NO;
				CLANG_ENABLE_MODULES = YES;
				DEFINES_MODULE = YES;
				DYLIB_COMPATIBILITY_VERSION = 1;
				DYLIB_CURRENT_VERSION = 1;
				DYLIB_INSTALL_NAME_BASE = "@rpath";
				EMBEDDED_CONTENT_CONTAINS_SWIFT = NO;
				GCC_TREAT_WARNINGS_AS_ERRORS = YES;
				INFOPLIST_FILE = "$(SRCROOT)/Supporting Files/Info.plist";
				INSTALL_PATH = "$(LOCAL_LIBRARY_DIR)/Frameworks";
				LD_RUNPATH_SEARCH_PATHS = "$(inherited) @executable_path/Frameworks @loader_path/Frameworks";
				PRODUCT_BUNDLE_IDENTIFIER = com.contentful.Contentful;
				PRODUCT_NAME = "$(TARGET_NAME)";
				SKIP_INSTALL = YES;
				SWIFT_OPTIMIZATION_LEVEL = "-Onone";
				SWIFT_VERSION = 2.3;
			};
			name = Debug;
		};
		A19CA3DA1B836EDD00A0EFCD /* Release */ = {
			isa = XCBuildConfiguration;
			baseConfigurationReference = 44A4D4F0816F0D7139205D39 /* Pods-Contentful.release.xcconfig */;
			buildSettings = {
				ALWAYS_EMBED_SWIFT_STANDARD_LIBRARIES = NO;
				CLANG_ENABLE_MODULES = YES;
				DEFINES_MODULE = YES;
				DYLIB_COMPATIBILITY_VERSION = 1;
				DYLIB_CURRENT_VERSION = 1;
				DYLIB_INSTALL_NAME_BASE = "@rpath";
				EMBEDDED_CONTENT_CONTAINS_SWIFT = NO;
				GCC_TREAT_WARNINGS_AS_ERRORS = YES;
				INFOPLIST_FILE = "$(SRCROOT)/Supporting Files/Info.plist";
				INSTALL_PATH = "$(LOCAL_LIBRARY_DIR)/Frameworks";
				LD_RUNPATH_SEARCH_PATHS = "$(inherited) @executable_path/Frameworks @loader_path/Frameworks";
				PRODUCT_BUNDLE_IDENTIFIER = com.contentful.Contentful;
				PRODUCT_NAME = "$(TARGET_NAME)";
				SKIP_INSTALL = YES;
				SWIFT_OPTIMIZATION_LEVEL = "-Owholemodule";
				SWIFT_VERSION = 2.3;
			};
			name = Release;
		};
		A19CA3DC1B836EDD00A0EFCD /* Debug */ = {
			isa = XCBuildConfiguration;
			baseConfigurationReference = 7708E347DB83AC33DCB47C79 /* Pods-ContentfulTests.debug.xcconfig */;
			buildSettings = {
				ALWAYS_EMBED_SWIFT_STANDARD_LIBRARIES = YES;
				GCC_TREAT_WARNINGS_AS_ERRORS = YES;
				INFOPLIST_FILE = Tests/Info.plist;
				LD_RUNPATH_SEARCH_PATHS = "$(inherited) @executable_path/Frameworks @loader_path/Frameworks";
				PRODUCT_BUNDLE_IDENTIFIER = com.contentful.ContentfulTests;
				PRODUCT_NAME = "$(TARGET_NAME)";
				SWIFT_VERSION = 2.3;
			};
			name = Debug;
		};
		A19CA3DD1B836EDD00A0EFCD /* Release */ = {
			isa = XCBuildConfiguration;
			baseConfigurationReference = BCB0C6E7CD91CABD7210E223 /* Pods-ContentfulTests.release.xcconfig */;
			buildSettings = {
				ALWAYS_EMBED_SWIFT_STANDARD_LIBRARIES = YES;
				GCC_TREAT_WARNINGS_AS_ERRORS = YES;
				INFOPLIST_FILE = Tests/Info.plist;
				LD_RUNPATH_SEARCH_PATHS = "$(inherited) @executable_path/Frameworks @loader_path/Frameworks";
				PRODUCT_BUNDLE_IDENTIFIER = com.contentful.ContentfulTests;
				PRODUCT_NAME = "$(TARGET_NAME)";
				SWIFT_OPTIMIZATION_LEVEL = "-Owholemodule";
				SWIFT_VERSION = 2.3;
			};
			name = Release;
		};
/* End XCBuildConfiguration section */

/* Begin XCConfigurationList section */
		A19CA3BE1B836EDD00A0EFCD /* Build configuration list for PBXProject "Contentful" */ = {
			isa = XCConfigurationList;
			buildConfigurations = (
				A19CA3D61B836EDD00A0EFCD /* Debug */,
				A19CA3D71B836EDD00A0EFCD /* Release */,
			);
			defaultConfigurationIsVisible = 0;
			defaultConfigurationName = Release;
		};
		A19CA3D81B836EDD00A0EFCD /* Build configuration list for PBXNativeTarget "Contentful" */ = {
			isa = XCConfigurationList;
			buildConfigurations = (
				A19CA3D91B836EDD00A0EFCD /* Debug */,
				A19CA3DA1B836EDD00A0EFCD /* Release */,
			);
			defaultConfigurationIsVisible = 0;
			defaultConfigurationName = Release;
		};
		A19CA3DB1B836EDD00A0EFCD /* Build configuration list for PBXNativeTarget "ContentfulTests" */ = {
			isa = XCConfigurationList;
			buildConfigurations = (
				A19CA3DC1B836EDD00A0EFCD /* Debug */,
				A19CA3DD1B836EDD00A0EFCD /* Release */,
			);
			defaultConfigurationIsVisible = 0;
			defaultConfigurationName = Release;
		};
/* End XCConfigurationList section */
	};
	rootObject = A19CA3BB1B836EDD00A0EFCD /* Project object */;
}
